
Microsoft Visual Studio Solution File, Format Version 12.00
# Visual Studio Version 17
VisualStudioVersion = 17.14.36310.24 d17.14
MinimumVisualStudioVersion = 10.0.40219.1
Project("{FAE04EC0-301F-11D3-BF4B-00C04F79EFBC}") = "Day4_assignment", "Day4_assignment.csproj", "{3F17D995-666E-4A35-9E8F-C7857CDF799F}"
EndProject
Global
	GlobalSection(SolutionConfigurationPlatforms) = preSolution
		Debug|Any CPU = Debug|Any CPU
		Release|Any CPU = Release|Any CPU
	EndGlobalSection
	GlobalSection(ProjectConfigurationPlatforms) = postSolution
		{3F17D995-666E-4A35-9E8F-C7857CDF799F}.Debug|Any CPU.ActiveCfg = Debug|Any CPU
		{3F17D995-666E-4A35-9E8F-C7857CDF799F}.Debug|Any CPU.Build.0 = Debug|Any CPU
		{3F17D995-666E-4A35-9E8F-C7857CDF799F}.Release|Any CPU.ActiveCfg = Release|Any CPU
		{3F17D995-666E-4A35-9E8F-C7857CDF799F}.Release|Any CPU.Build.0 = Release|Any CPU
	EndGlobalSection
	GlobalSection(SolutionProperties) = preSolution
		HideSolutionNode = FALSE
	EndGlobalSection
	GlobalSection(ExtensibilityGlobals) = postSolution
		SolutionGuid = {5EAA27B3-E0D4-48E2-AA26-7E90D5A634BA}
	EndGlobalSection
EndGlobal
